// !$*UTF8*$!
{
	archiveVersion = 1;
	classes = {
	};
	objectVersion = 56;
	objects = {

/* Begin PBXBuildFile section */
		30D7452F2AE3B69E0002CEE5 /* AppDelegate.swift in Sources */ = {isa = PBXBuildFile; fileRef = 30D7452E2AE3B69E0002CEE5 /* AppDelegate.swift */; };
		30D745312AE3B69E0002CEE5 /* SceneDelegate.swift in Sources */ = {isa = PBXBuildFile; fileRef = 30D745302AE3B69E0002CEE5 /* SceneDelegate.swift */; };
		30D745332AE3B69E0002CEE5 /* Item0ViewController.swift in Sources */ = {isa = PBXBuildFile; fileRef = 30D745322AE3B69E0002CEE5 /* Item0ViewController.swift */; };
		30D745362AE3B69E0002CEE5 /* Main.storyboard in Resources */ = {isa = PBXBuildFile; fileRef = 30D745342AE3B69E0002CEE5 /* Main.storyboard */; };
		30D745382AE3B69F0002CEE5 /* Assets.xcassets in Resources */ = {isa = PBXBuildFile; fileRef = 30D745372AE3B69F0002CEE5 /* Assets.xcassets */; };
		30D7453B2AE3B69F0002CEE5 /* LaunchScreen.storyboard in Resources */ = {isa = PBXBuildFile; fileRef = 30D745392AE3B69F0002CEE5 /* LaunchScreen.storyboard */; };
		30D745432AE3B7EF0002CEE5 /* TabBarController.swift in Sources */ = {isa = PBXBuildFile; fileRef = 30D745422AE3B7EF0002CEE5 /* TabBarController.swift */; };
		30D745452AE3B9A60002CEE5 /* Item1ViewController.swift in Sources */ = {isa = PBXBuildFile; fileRef = 30D745442AE3B9A60002CEE5 /* Item1ViewController.swift */; };
/* End PBXBuildFile section */

/* Begin PBXFileReference section */
		30D7452B2AE3B69E0002CEE5 /* Badge_TabBarController_BottomTab.app */ = {isa = PBXFileReference; explicitFileType = wrapper.application; includeInIndex = 0; path = Badge_TabBarController_BottomTab.app; sourceTree = BUILT_PRODUCTS_DIR; };
		30D7452E2AE3B69E0002CEE5 /* AppDelegate.swift */ = {isa = PBXFileReference; lastKnownFileType = sourcecode.swift; path = AppDelegate.swift; sourceTree = "<group>"; };
		30D745302AE3B69E0002CEE5 /* SceneDelegate.swift */ = {isa = PBXFileReference; lastKnownFileType = sourcecode.swift; path = SceneDelegate.swift; sourceTree = "<group>"; };
		30D745322AE3B69E0002CEE5 /* Item0ViewController.swift */ = {isa = PBXFileReference; lastKnownFileType = sourcecode.swift; path = Item0ViewController.swift; sourceTree = "<group>"; };
		30D745352AE3B69E0002CEE5 /* Base */ = {isa = PBXFileReference; lastKnownFileType = file.storyboard; name = Base; path = Base.lproj/Main.storyboard; sourceTree = "<group>"; };
		30D745372AE3B69F0002CEE5 /* Assets.xcassets */ = {isa = PBXFileReference; lastKnownFileType = folder.assetcatalog; path = Assets.xcassets; sourceTree = "<group>"; };
		30D7453A2AE3B69F0002CEE5 /* Base */ = {isa = PBXFileReference; lastKnownFileType = file.storyboard; name = Base; path = Base.lproj/LaunchScreen.storyboard; sourceTree = "<group>"; };
		30D7453C2AE3B69F0002CEE5 /* Info.plist */ = {isa = PBXFileReference; lastKnownFileType = text.plist.xml; path = Info.plist; sourceTree = "<group>"; };
		30D745422AE3B7EF0002CEE5 /* TabBarController.swift */ = {isa = PBXFileReference; lastKnownFileType = sourcecode.swift; path = TabBarController.swift; sourceTree = "<group>"; };
		30D745442AE3B9A60002CEE5 /* Item1ViewController.swift */ = {isa = PBXFileReference; lastKnownFileType = sourcecode.swift; path = Item1ViewController.swift; sourceTree = "<group>"; };
/* End PBXFileReference section */

/* Begin PBXFrameworksBuildPhase section */
		30D745282AE3B69E0002CEE5 /* Frameworks */ = {
			isa = PBXFrameworksBuildPhase;
			buildActionMask = 2147483647;
			files = (
			);
			runOnlyForDeploymentPostprocessing = 0;
		};
/* End PBXFrameworksBuildPhase section */

/* Begin PBXGroup section */
		30D745222AE3B69E0002CEE5 = {
			isa = PBXGroup;
			children = (
				30D7452D2AE3B69E0002CEE5 /* Badge_TabBarController_BottomTab */,
				30D7452C2AE3B69E0002CEE5 /* Products */,
			);
			sourceTree = "<group>";
		};
		30D7452C2AE3B69E0002CEE5 /* Products */ = {
			isa = PBXGroup;
			children = (
				30D7452B2AE3B69E0002CEE5 /* Badge_TabBarController_BottomTab.app */,
			);
			name = Products;
			sourceTree = "<group>";
		};
		30D7452D2AE3B69E0002CEE5 /* Badge_TabBarController_BottomTab */ = {
			isa = PBXGroup;
			children = (
				30D745472AE3B9C00002CEE5 /* App */,
				30D745462AE3B9AD0002CEE5 /* view */,
				30D745372AE3B69F0002CEE5 /* Assets.xcassets */,
				30D7453C2AE3B69F0002CEE5 /* Info.plist */,
			);
			path = Badge_TabBarController_BottomTab;
			sourceTree = "<group>";
		};
		30D745462AE3B9AD0002CEE5 /* view */ = {
			isa = PBXGroup;
			children = (
				30D745482AE3B9D80002CEE5 /* ui */,
				30D745422AE3B7EF0002CEE5 /* TabBarController.swift */,
				30D745322AE3B69E0002CEE5 /* Item0ViewController.swift */,
				30D745442AE3B9A60002CEE5 /* Item1ViewController.swift */,
			);
			path = view;
			sourceTree = "<group>";
		};
		30D745472AE3B9C00002CEE5 /* App */ = {
			isa = PBXGroup;
			children = (
				30D7452E2AE3B69E0002CEE5 /* AppDelegate.swift */,
				30D745302AE3B69E0002CEE5 /* SceneDelegate.swift */,
			);
			path = App;
			sourceTree = "<group>";
		};
		30D745482AE3B9D80002CEE5 /* ui */ = {
			isa = PBXGroup;
			children = (
				30D745342AE3B69E0002CEE5 /* Main.storyboard */,
				30D745392AE3B69F0002CEE5 /* LaunchScreen.storyboard */,
			);
			path = ui;
			sourceTree = "<group>";
		};
/* End PBXGroup section */

/* Begin PBXNativeTarget section */
		30D7452A2AE3B69E0002CEE5 /* Badge_TabBarController_BottomTab */ = {
			isa = PBXNativeTarget;
			buildConfigurationList = 30D7453F2AE3B69F0002CEE5 /* Build configuration list for PBXNativeTarget "Badge_TabBarController_BottomTab" */;
			buildPhases = (
				30D745272AE3B69E0002CEE5 /* Sources */,
				30D745282AE3B69E0002CEE5 /* Frameworks */,
				30D745292AE3B69E0002CEE5 /* Resources */,
			);
			buildRules = (
			);
			dependencies = (
			);
			name = Badge_TabBarController_BottomTab;
			productName = Badge_TabBarController_BottomTab;
			productReference = 30D7452B2AE3B69E0002CEE5 /* Badge_TabBarController_BottomTab.app */;
			productType = "com.apple.product-type.application";
		};
/* End PBXNativeTarget section */

/* Begin PBXProject section */
		30D745232AE3B69E0002CEE5 /* Project object */ = {
			isa = PBXProject;
			attributes = {
				BuildIndependentTargetsInParallel = 1;
				LastSwiftUpdateCheck = 1500;
				LastUpgradeCheck = 1500;
				TargetAttributes = {
					30D7452A2AE3B69E0002CEE5 = {
						CreatedOnToolsVersion = 15.0;
					};
				};
			};
			buildConfigurationList = 30D745262AE3B69E0002CEE5 /* Build configuration list for PBXProject "Badge_TabBarController_BottomTab" */;
			compatibilityVersion = "Xcode 14.0";
			developmentRegion = en;
			hasScannedForEncodings = 0;
			knownRegions = (
				en,
				Base,
			);
			mainGroup = 30D745222AE3B69E0002CEE5;
			productRefGroup = 30D7452C2AE3B69E0002CEE5 /* Products */;
			projectDirPath = "";
			projectRoot = "";
			targets = (
				30D7452A2AE3B69E0002CEE5 /* Badge_TabBarController_BottomTab */,
			);
		};
/* End PBXProject section */

/* Begin PBXResourcesBuildPhase section */
		30D745292AE3B69E0002CEE5 /* Resources */ = {
			isa = PBXResourcesBuildPhase;
			buildActionMask = 2147483647;
			files = (
				30D7453B2AE3B69F0002CEE5 /* LaunchScreen.storyboard in Resources */,
				30D745382AE3B69F0002CEE5 /* Assets.xcassets in Resources */,
				30D745362AE3B69E0002CEE5 /* Main.storyboard in Resources */,
			);
			runOnlyForDeploymentPostprocessing = 0;
		};
/* End PBXResourcesBuildPhase section */

/* Begin PBXSourcesBuildPhase section */
		30D745272AE3B69E0002CEE5 /* Sources */ = {
			isa = PBXSourcesBuildPhase;
			buildActionMask = 2147483647;
			files = (
				30D745332AE3B69E0002CEE5 /* Item0ViewController.swift in Sources */,
				30D745432AE3B7EF0002CEE5 /* TabBarController.swift in Sources */,
				30D7452F2AE3B69E0002CEE5 /* AppDelegate.swift in Sources */,
				30D745312AE3B69E0002CEE5 /* SceneDelegate.swift in Sources */,
				30D745452AE3B9A60002CEE5 /* Item1ViewController.swift in Sources */,
			);
			runOnlyForDeploymentPostprocessing = 0;
		};
/* End PBXSourcesBuildPhase section */

/* Begin PBXVariantGroup section */
		30D745342AE3B69E0002CEE5 /* Main.storyboard */ = {
			isa = PBXVariantGroup;
			children = (
				30D745352AE3B69E0002CEE5 /* Base */,
			);
			name = Main.storyboard;
			sourceTree = "<group>";
		};
		30D745392AE3B69F0002CEE5 /* LaunchScreen.storyboard */ = {
			isa = PBXVariantGroup;
			children = (
				30D7453A2AE3B69F0002CEE5 /* Base */,
			);
			name = LaunchScreen.storyboard;
			sourceTree = "<group>";
		};
/* End PBXVariantGroup section */

/* Begin XCBuildConfiguration section */
		30D7453D2AE3B69F0002CEE5 /* Debug */ = {
			isa = XCBuildConfiguration;
			buildSettings = {
				ALWAYS_SEARCH_USER_PATHS = NO;
				ASSETCATALOG_COMPILER_GENERATE_SWIFT_ASSET_SYMBOL_EXTENSIONS = YES;
				CLANG_ANALYZER_NONNULL = YES;
				CLANG_ANALYZER_NUMBER_OBJECT_CONVERSION = YES_AGGRESSIVE;
				CLANG_CXX_LANGUAGE_STANDARD = "gnu++20";
				CLANG_ENABLE_MODULES = YES;
				CLANG_ENABLE_OBJC_ARC = YES;
				CLANG_ENABLE_OBJC_WEAK = YES;
				CLANG_WARN_BLOCK_CAPTURE_AUTORELEASING = YES;
				CLANG_WARN_BOOL_CONVERSION = YES;
				CLANG_WARN_COMMA = YES;
				CLANG_WARN_CONSTANT_CONVERSION = YES;
				CLANG_WARN_DEPRECATED_OBJC_IMPLEMENTATIONS = YES;
				CLANG_WARN_DIRECT_OBJC_ISA_USAGE = YES_ERROR;
				CLANG_WARN_DOCUMENTATION_COMMENTS = YES;
				CLANG_WARN_EMPTY_BODY = YES;
				CLANG_WARN_ENUM_CONVERSION = YES;
				CLANG_WARN_INFINITE_RECURSION = YES;
				CLANG_WARN_INT_CONVERSION = YES;
				CLANG_WARN_NON_LITERAL_NULL_CONVERSION = YES;
				CLANG_WARN_OBJC_IMPLICIT_RETAIN_SELF = YES;
				CLANG_WARN_OBJC_LITERAL_CONVERSION = YES;
				CLANG_WARN_OBJC_ROOT_CLASS = YES_ERROR;
				CLANG_WARN_QUOTED_INCLUDE_IN_FRAMEWORK_HEADER = YES;
				CLANG_WARN_RANGE_LOOP_ANALYSIS = YES;
				CLANG_WARN_STRICT_PROTOTYPES = YES;
				CLANG_WARN_SUSPICIOUS_MOVE = YES;
				CLANG_WARN_UNGUARDED_AVAILABILITY = YES_AGGRESSIVE;
				CLANG_WARN_UNREACHABLE_CODE = YES;
				CLANG_WARN__DUPLICATE_METHOD_MATCH = YES;
				COPY_PHASE_STRIP = NO;
				DEBUG_INFORMATION_FORMAT = dwarf;
				ENABLE_STRICT_OBJC_MSGSEND = YES;
				ENABLE_TESTABILITY = YES;
				ENABLE_USER_SCRIPT_SANDBOXING = YES;
				GCC_C_LANGUAGE_STANDARD = gnu17;
				GCC_DYNAMIC_NO_PIC = NO;
				GCC_NO_COMMON_BLOCKS = YES;
				GCC_OPTIMIZATION_LEVEL = 0;
				GCC_PREPROCESSOR_DEFINITIONS = (
					"DEBUG=1",
					"$(inherited)",
				);
				GCC_WARN_64_TO_32_BIT_CONVERSION = YES;
				GCC_WARN_ABOUT_RETURN_TYPE = YES_ERROR;
				GCC_WARN_UNDECLARED_SELECTOR = YES;
				GCC_WARN_UNINITIALIZED_AUTOS = YES_AGGRESSIVE;
				GCC_WARN_UNUSED_FUNCTION = YES;
				GCC_WARN_UNUSED_VARIABLE = YES;
				IPHONEOS_DEPLOYMENT_TARGET = 17.0;
				LOCALIZATION_PREFERS_STRING_CATALOGS = YES;
				MTL_ENABLE_DEBUG_INFO = INCLUDE_SOURCE;
				MTL_FAST_MATH = YES;
				ONLY_ACTIVE_ARCH = YES;
				SDKROOT = iphoneos;
				SWIFT_ACTIVE_COMPILATION_CONDITIONS = "DEBUG $(inherited)";
				SWIFT_OPTIMIZATION_LEVEL = "-Onone";
			};
			name = Debug;
		};
		30D7453E2AE3B69F0002CEE5 /* Release */ = {
			isa = XCBuildConfiguration;
			buildSettings = {
				ALWAYS_SEARCH_USER_PATHS = NO;
				ASSETCATALOG_COMPILER_GENERATE_SWIFT_ASSET_SYMBOL_EXTENSIONS = YES;
				CLANG_ANALYZER_NONNULL = YES;
				CLANG_ANALYZER_NUMBER_OBJECT_CONVERSION = YES_AGGRESSIVE;
				CLANG_CXX_LANGUAGE_STANDARD = "gnu++20";
				CLANG_ENABLE_MODULES = YES;
				CLANG_ENABLE_OBJC_ARC = YES;
				CLANG_ENABLE_OBJC_WEAK = YES;
				CLANG_WARN_BLOCK_CAPTURE_AUTORELEASING = YES;
				CLANG_WARN_BOOL_CONVERSION = YES;
				CLANG_WARN_COMMA = YES;
				CLANG_WARN_CONSTANT_CONVERSION = YES;
				CLANG_WARN_DEPRECATED_OBJC_IMPLEMENTATIONS = YES;
				CLANG_WARN_DIRECT_OBJC_ISA_USAGE = YES_ERROR;
				CLANG_WARN_DOCUMENTATION_COMMENTS = YES;
				CLANG_WARN_EMPTY_BODY = YES;
				CLANG_WARN_ENUM_CONVERSION = YES;
				CLANG_WARN_INFINITE_RECURSION = YES;
				CLANG_WARN_INT_CONVERSION = YES;
				CLANG_WARN_NON_LITERAL_NULL_CONVERSION = YES;
				CLANG_WARN_OBJC_IMPLICIT_RETAIN_SELF = YES;
				CLANG_WARN_OBJC_LITERAL_CONVERSION = YES;
				CLANG_WARN_OBJC_ROOT_CLASS = YES_ERROR;
				CLANG_WARN_QUOTED_INCLUDE_IN_FRAMEWORK_HEADER = YES;
				CLANG_WARN_RANGE_LOOP_ANALYSIS = YES;
				CLANG_WARN_STRICT_PROTOTYPES = YES;
				CLANG_WARN_SUSPICIOUS_MOVE = YES;
				CLANG_WARN_UNGUARDED_AVAILABILITY = YES_AGGRESSIVE;
				CLANG_WARN_UNREACHABLE_CODE = YES;
				CLANG_WARN__DUPLICATE_METHOD_MATCH = YES;
				COPY_PHASE_STRIP = NO;
				DEBUG_INFORMATION_FORMAT = "dwarf-with-dsym";
				ENABLE_NS_ASSERTIONS = NO;
				ENABLE_STRICT_OBJC_MSGSEND = YES;
				ENABLE_USER_SCRIPT_SANDBOXING = YES;
				GCC_C_LANGUAGE_STANDARD = gnu17;
				GCC_NO_COMMON_BLOCKS = YES;
				GCC_WARN_64_TO_32_BIT_CONVERSION = YES;
				GCC_WARN_ABOUT_RETURN_TYPE = YES_ERROR;
				GCC_WARN_UNDECLARED_SELECTOR = YES;
				GCC_WARN_UNINITIALIZED_AUTOS = YES_AGGRESSIVE;
				GCC_WARN_UNUSED_FUNCTION = YES;
				GCC_WARN_UNUSED_VARIABLE = YES;
				IPHONEOS_DEPLOYMENT_TARGET = 17.0;
				LOCALIZATION_PREFERS_STRING_CATALOGS = YES;
				MTL_ENABLE_DEBUG_INFO = NO;
				MTL_FAST_MATH = YES;
				SDKROOT = iphoneos;
				SWIFT_COMPILATION_MODE = wholemodule;
				VALIDATE_PRODUCT = YES;
			};
			name = Release;
		};
		30D745402AE3B69F0002CEE5 /* Debug */ = {
			isa = XCBuildConfiguration;
			buildSettings = {
				ASSETCATALOG_COMPILER_APPICON_NAME = AppIcon;
				ASSETCATALOG_COMPILER_GLOBAL_ACCENT_COLOR_NAME = AccentColor;
				CODE_SIGN_STYLE = Automatic;
				CURRENT_PROJECT_VERSION = 1;
				DEVELOPMENT_TEAM = 4YV748Z6YR;
				GENERATE_INFOPLIST_FILE = YES;
				INFOPLIST_FILE = Badge_TabBarController_BottomTab/Info.plist;
				INFOPLIST_KEY_UIApplicationSupportsIndirectInputEvents = YES;
				INFOPLIST_KEY_UILaunchStoryboardName = LaunchScreen;
				INFOPLIST_KEY_UIMainStoryboardFile = Main;
				INFOPLIST_KEY_UISupportedInterfaceOrientations_iPad = "UIInterfaceOrientationPortrait UIInterfaceOrientationPortraitUpsideDown UIInterfaceOrientationLandscapeLeft UIInterfaceOrientationLandscapeRight";
				INFOPLIST_KEY_UISupportedInterfaceOrientations_iPhone = "UIInterfaceOrientationPortrait UIInterfaceOrientationLandscapeLeft UIInterfaceOrientationLandscapeRight";
				LD_RUNPATH_SEARCH_PATHS = (
					"$(inherited)",
					"@executable_path/Frameworks",
				);
				MARKETING_VERSION = 1.0;
				PRODUCT_BUNDLE_IDENTIFIER = "com.usyssoft.Badge-TabBarController-BottomTab";
				PRODUCT_NAME = "$(TARGET_NAME)";
				SWIFT_EMIT_LOC_STRINGS = YES;
				SWIFT_VERSION = 5.0;
				TARGETED_DEVICE_FAMILY = "1,2";
			};
			name = Debug;
		};
		30D745412AE3B69F0002CEE5 /* Release */ = {
			isa = XCBuildConfiguration;
			buildSettings = {
				ASSETCATALOG_COMPILER_APPICON_NAME = AppIcon;
				ASSETCATALOG_COMPILER_GLOBAL_ACCENT_COLOR_NAME = AccentColor;
				CODE_SIGN_STYLE = Automatic;
				CURRENT_PROJECT_VERSION = 1;
				DEVELOPMENT_TEAM = 4YV748Z6YR;
				GENERATE_INFOPLIST_FILE = YES;
				INFOPLIST_FILE = Badge_TabBarController_BottomTab/Info.plist;
				INFOPLIST_KEY_UIApplicationSupportsIndirectInputEvents = YES;
				INFOPLIST_KEY_UILaunchStoryboardName = LaunchScreen;
				INFOPLIST_KEY_UIMainStoryboardFile = Main;
				INFOPLIST_KEY_UISupportedInterfaceOrientations_iPad = "UIInterfaceOrientationPortrait UIInterfaceOrientationPortraitUpsideDown UIInterfaceOrientationLandscapeLeft UIInterfaceOrientationLandscapeRight";
				INFOPLIST_KEY_UISupportedInterfaceOrientations_iPhone = "UIInterfaceOrientationPortrait UIInterfaceOrientationLandscapeLeft UIInterfaceOrientationLandscapeRight";
				LD_RUNPATH_SEARCH_PATHS = (
					"$(inherited)",
					"@executable_path/Frameworks",
				);
				MARKETING_VERSION = 1.0;
				PRODUCT_BUNDLE_IDENTIFIER = "com.usyssoft.Badge-TabBarController-BottomTab";
				PRODUCT_NAME = "$(TARGET_NAME)";
				SWIFT_EMIT_LOC_STRINGS = YES;
				SWIFT_VERSION = 5.0;
				TARGETED_DEVICE_FAMILY = "1,2";
			};
			name = Release;
		};
/* End XCBuildConfiguration section */

/* Begin XCConfigurationList section */
		30D745262AE3B69E0002CEE5 /* Build configuration list for PBXProject "Badge_TabBarController_BottomTab" */ = {
			isa = XCConfigurationList;
			buildConfigurations = (
				30D7453D2AE3B69F0002CEE5 /* Debug */,
				30D7453E2AE3B69F0002CEE5 /* Release */,
			);
			defaultConfigurationIsVisible = 0;
			defaultConfigurationName = Release;
		};
		30D7453F2AE3B69F0002CEE5 /* Build configuration list for PBXNativeTarget "Badge_TabBarController_BottomTab" */ = {
			isa = XCConfigurationList;
			buildConfigurations = (
				30D745402AE3B69F0002CEE5 /* Debug */,
				30D745412AE3B69F0002CEE5 /* Release */,
			);
			defaultConfigurationIsVisible = 0;
			defaultConfigurationName = Release;
		};
/* End XCConfigurationList section */
	};
	rootObject = 30D745232AE3B69E0002CEE5 /* Project object */;
}
